
Microsoft Visual Studio Solution File, Format Version 12.00
# Visual Studio Version 17
VisualStudioVersion = 17.2.32516.85
MinimumVisualStudioVersion = 10.0.40219.1
Project("{FAE04EC0-301F-11D3-BF4B-00C04F79EFBC}") = "CRUDPROJECT", "CRUDPROJECT\CRUDPROJECT.csproj", "{1E1DC38E-1816-4AEB-AEA2-FF0DA80009D5}"
EndProject
Global
	GlobalSection(SolutionConfigurationPlatforms) = preSolution
		Debug|Any CPU = Debug|Any CPU
		Release|Any CPU = Release|Any CPU
	EndGlobalSection
	GlobalSection(ProjectConfigurationPlatforms) = postSolution
		{1E1DC38E-1816-4AEB-AEA2-FF0DA80009D5}.Debug|Any CPU.ActiveCfg = Debug|Any CPU
		{1E1DC38E-1816-4AEB-AEA2-FF0DA80009D5}.Debug|Any CPU.Build.0 = Debug|Any CPU
		{1E1DC38E-1816-4AEB-AEA2-FF0DA80009D5}.Release|Any CPU.ActiveCfg = Release|Any CPU
		{1E1DC38E-1816-4AEB-AEA2-FF0DA80009D5}.Release|Any CPU.Build.0 = Release|Any CPU
	EndGlobalSection
	GlobalSection(SolutionProperties) = preSolution
		HideSolutionNode = FALSE
	EndGlobalSection
	GlobalSection(ExtensibilityGlobals) = postSolution
		SolutionGuid = {69081B8A-BB1D-436B-AF40-957A16B6784C}
	EndGlobalSection
EndGlobal
